// !$*UTF8*$!
{
	archiveVersion = 1;
	classes = {
	};
	objectVersion = 50;
	objects = {

/* Begin PBXBuildFile section */
		A0D385C922944E4A00EAEE9F /* LoginController.swift in Sources */ = {isa = PBXBuildFile; fileRef = A0D385C822944E4A00EAEE9F /* LoginController.swift */; };
		A0D385CB229543DC00EAEE9F /* NewMemberController.swift in Sources */ = {isa = PBXBuildFile; fileRef = A0D385CA229543DC00EAEE9F /* NewMemberController.swift */; };
		A0F419F822918430008E4AB1 /* AppDelegate.swift in Sources */ = {isa = PBXBuildFile; fileRef = A0F419F722918430008E4AB1 /* AppDelegate.swift */; };
		A0F419FA22918430008E4AB1 /* ViewController.swift in Sources */ = {isa = PBXBuildFile; fileRef = A0F419F922918430008E4AB1 /* ViewController.swift */; };
		A0F419FD22918430008E4AB1 /* Main.storyboard in Resources */ = {isa = PBXBuildFile; fileRef = A0F419FB22918430008E4AB1 /* Main.storyboard */; };
		A0F419FF22918431008E4AB1 /* Assets.xcassets in Resources */ = {isa = PBXBuildFile; fileRef = A0F419FE22918431008E4AB1 /* Assets.xcassets */; };
		A0F41A0222918431008E4AB1 /* LaunchScreen.storyboard in Resources */ = {isa = PBXBuildFile; fileRef = A0F41A0022918431008E4AB1 /* LaunchScreen.storyboard */; };
		A0F41A142291AEBD008E4AB1 /* Alamofire.framework in Frameworks */ = {isa = PBXBuildFile; fileRef = A0F41A122291ACC3008E4AB1 /* Alamofire.framework */; };
		A0F41A152291AEBD008E4AB1 /* Alamofire.framework in Embed Frameworks */ = {isa = PBXBuildFile; fileRef = A0F41A122291ACC3008E4AB1 /* Alamofire.framework */; settings = {ATTRIBUTES = (CodeSignOnCopy, RemoveHeadersOnCopy, ); }; };
		A0F41A162291AEBD008E4AB1 /* Realm.framework in Frameworks */ = {isa = PBXBuildFile; fileRef = A0F41A0B22918809008E4AB1 /* Realm.framework */; };
		A0F41A172291AEBD008E4AB1 /* Realm.framework in Embed Frameworks */ = {isa = PBXBuildFile; fileRef = A0F41A0B22918809008E4AB1 /* Realm.framework */; settings = {ATTRIBUTES = (CodeSignOnCopy, RemoveHeadersOnCopy, ); }; };
		A0F41A182291AEBD008E4AB1 /* RealmSwift.framework in Frameworks */ = {isa = PBXBuildFile; fileRef = A0F41A0A22918809008E4AB1 /* RealmSwift.framework */; };
		A0F41A192291AEBD008E4AB1 /* RealmSwift.framework in Embed Frameworks */ = {isa = PBXBuildFile; fileRef = A0F41A0A22918809008E4AB1 /* RealmSwift.framework */; settings = {ATTRIBUTES = (CodeSignOnCopy, RemoveHeadersOnCopy, ); }; };
/* End PBXBuildFile section */

/* Begin PBXCopyFilesBuildPhase section */
		A0F41A1A2291AEBD008E4AB1 /* Embed Frameworks */ = {
			isa = PBXCopyFilesBuildPhase;
			buildActionMask = 2147483647;
			dstPath = "";
			dstSubfolderSpec = 10;
			files = (
				A0F41A172291AEBD008E4AB1 /* Realm.framework in Embed Frameworks */,
				A0F41A152291AEBD008E4AB1 /* Alamofire.framework in Embed Frameworks */,
				A0F41A192291AEBD008E4AB1 /* RealmSwift.framework in Embed Frameworks */,
			);
			name = "Embed Frameworks";
			runOnlyForDeploymentPostprocessing = 0;
		};
/* End PBXCopyFilesBuildPhase section */

/* Begin PBXFileReference section */
		A0D385C822944E4A00EAEE9F /* LoginController.swift */ = {isa = PBXFileReference; lastKnownFileType = sourcecode.swift; path = LoginController.swift; sourceTree = "<group>"; };
		A0D385CA229543DC00EAEE9F /* NewMemberController.swift */ = {isa = PBXFileReference; lastKnownFileType = sourcecode.swift; path = NewMemberController.swift; sourceTree = "<group>"; };
		A0F419F422918430008E4AB1 /* CarthageTest01.app */ = {isa = PBXFileReference; explicitFileType = wrapper.application; includeInIndex = 0; path = CarthageTest01.app; sourceTree = BUILT_PRODUCTS_DIR; };
		A0F419F722918430008E4AB1 /* AppDelegate.swift */ = {isa = PBXFileReference; lastKnownFileType = sourcecode.swift; path = AppDelegate.swift; sourceTree = "<group>"; };
		A0F419F922918430008E4AB1 /* ViewController.swift */ = {isa = PBXFileReference; lastKnownFileType = sourcecode.swift; path = ViewController.swift; sourceTree = "<group>"; };
		A0F419FC22918430008E4AB1 /* Base */ = {isa = PBXFileReference; lastKnownFileType = file.storyboard; name = Base; path = Base.lproj/Main.storyboard; sourceTree = "<group>"; };
		A0F419FE22918431008E4AB1 /* Assets.xcassets */ = {isa = PBXFileReference; lastKnownFileType = folder.assetcatalog; path = Assets.xcassets; sourceTree = "<group>"; };
		A0F41A0122918431008E4AB1 /* Base */ = {isa = PBXFileReference; lastKnownFileType = file.storyboard; name = Base; path = Base.lproj/LaunchScreen.storyboard; sourceTree = "<group>"; };
		A0F41A0322918431008E4AB1 /* Info.plist */ = {isa = PBXFileReference; lastKnownFileType = text.plist.xml; path = Info.plist; sourceTree = "<group>"; };
		A0F41A0A22918809008E4AB1 /* RealmSwift.framework */ = {isa = PBXFileReference; lastKnownFileType = wrapper.framework; name = RealmSwift.framework; path = Carthage/Build/iOS/RealmSwift.framework; sourceTree = "<group>"; };
		A0F41A0B22918809008E4AB1 /* Realm.framework */ = {isa = PBXFileReference; lastKnownFileType = wrapper.framework; name = Realm.framework; path = Carthage/Build/iOS/Realm.framework; sourceTree = "<group>"; };
		A0F41A122291ACC3008E4AB1 /* Alamofire.framework */ = {isa = PBXFileReference; lastKnownFileType = wrapper.framework; name = Alamofire.framework; path = Carthage/Build/iOS/Alamofire.framework; sourceTree = "<group>"; };
/* End PBXFileReference section */

/* Begin PBXFrameworksBuildPhase section */
		A0F419F122918430008E4AB1 /* Frameworks */ = {
			isa = PBXFrameworksBuildPhase;
			buildActionMask = 2147483647;
			files = (
				A0F41A182291AEBD008E4AB1 /* RealmSwift.framework in Frameworks */,
				A0F41A142291AEBD008E4AB1 /* Alamofire.framework in Frameworks */,
				A0F41A162291AEBD008E4AB1 /* Realm.framework in Frameworks */,
			);
			runOnlyForDeploymentPostprocessing = 0;
		};
/* End PBXFrameworksBuildPhase section */

/* Begin PBXGroup section */
		A0F419EB22918430008E4AB1 = {
			isa = PBXGroup;
			children = (
				A0F419F622918430008E4AB1 /* CarthageTest01 */,
				A0F419F522918430008E4AB1 /* Products */,
				A0F41A0922918808008E4AB1 /* Frameworks */,
			);
			sourceTree = "<group>";
		};
		A0F419F522918430008E4AB1 /* Products */ = {
			isa = PBXGroup;
			children = (
				A0F419F422918430008E4AB1 /* CarthageTest01.app */,
			);
			name = Products;
			sourceTree = "<group>";
		};
		A0F419F622918430008E4AB1 /* CarthageTest01 */ = {
			isa = PBXGroup;
			children = (
				A0D385CA229543DC00EAEE9F /* NewMemberController.swift */,
				A0F419F722918430008E4AB1 /* AppDelegate.swift */,
				A0F419F922918430008E4AB1 /* ViewController.swift */,
				A0D385C822944E4A00EAEE9F /* LoginController.swift */,
				A0F419FB22918430008E4AB1 /* Main.storyboard */,
				A0F419FE22918431008E4AB1 /* Assets.xcassets */,
				A0F41A0022918431008E4AB1 /* LaunchScreen.storyboard */,
				A0F41A0322918431008E4AB1 /* Info.plist */,
			);
			path = CarthageTest01;
			sourceTree = "<group>";
		};
		A0F41A0922918808008E4AB1 /* Frameworks */ = {
			isa = PBXGroup;
			children = (
				A0F41A122291ACC3008E4AB1 /* Alamofire.framework */,
				A0F41A0B22918809008E4AB1 /* Realm.framework */,
				A0F41A0A22918809008E4AB1 /* RealmSwift.framework */,
			);
			name = Frameworks;
			sourceTree = "<group>";
		};
/* End PBXGroup section */

/* Begin PBXNativeTarget section */
		A0F419F322918430008E4AB1 /* CarthageTest01 */ = {
			isa = PBXNativeTarget;
			buildConfigurationList = A0F41A0622918431008E4AB1 /* Build configuration list for PBXNativeTarget "CarthageTest01" */;
			buildPhases = (
				A0F419F022918430008E4AB1 /* Sources */,
				A0F419F122918430008E4AB1 /* Frameworks */,
				A0F419F222918430008E4AB1 /* Resources */,
				A0F41A0E22918857008E4AB1 /* Run Script */,
				A0F41A1A2291AEBD008E4AB1 /* Embed Frameworks */,
			);
			buildRules = (
			);
			dependencies = (
			);
			name = CarthageTest01;
			productName = CarthageTest01;
			productReference = A0F419F422918430008E4AB1 /* CarthageTest01.app */;
			productType = "com.apple.product-type.application";
		};
/* End PBXNativeTarget section */

/* Begin PBXProject section */
		A0F419EC22918430008E4AB1 /* Project object */ = {
			isa = PBXProject;
			attributes = {
				LastSwiftUpdateCheck = 1020;
				LastUpgradeCheck = 1020;
				ORGANIZATIONNAME = NICE;
				TargetAttributes = {
					A0F419F322918430008E4AB1 = {
						CreatedOnToolsVersion = 10.2.1;
					};
				};
			};
			buildConfigurationList = A0F419EF22918430008E4AB1 /* Build configuration list for PBXProject "CarthageTest01" */;
			compatibilityVersion = "Xcode 9.3";
			developmentRegion = en;
			hasScannedForEncodings = 0;
			knownRegions = (
				en,
				Base,
			);
			mainGroup = A0F419EB22918430008E4AB1;
			productRefGroup = A0F419F522918430008E4AB1 /* Products */;
			projectDirPath = "";
			projectRoot = "";
			targets = (
				A0F419F322918430008E4AB1 /* CarthageTest01 */,
			);
		};
/* End PBXProject section */

/* Begin PBXResourcesBuildPhase section */
		A0F419F222918430008E4AB1 /* Resources */ = {
			isa = PBXResourcesBuildPhase;
			buildActionMask = 2147483647;
			files = (
				A0F41A0222918431008E4AB1 /* LaunchScreen.storyboard in Resources */,
				A0F419FF22918431008E4AB1 /* Assets.xcassets in Resources */,
				A0F419FD22918430008E4AB1 /* Main.storyboard in Resources */,
			);
			runOnlyForDeploymentPostprocessing = 0;
		};
/* End PBXResourcesBuildPhase section */

/* Begin PBXShellScriptBuildPhase section */
		A0F41A0E22918857008E4AB1 /* Run Script */ = {
			isa = PBXShellScriptBuildPhase;
			buildActionMask = 2147483647;
			files = (
			);
			inputFileListPaths = (
			);
			inputPaths = (
				"$(SRCROOT)/Carthage/Build/iOS/Realm.framework",
				"$(SRCROOT)/Carthage/Build/iOS/RealmSwift.framework",
			);
			name = "Run Script";
			outputFileListPaths = (
			);
			outputPaths = (
			);
			runOnlyForDeploymentPostprocessing = 0;
			shellPath = /bin/sh;
			shellScript = "/usr/local/bin/carthage copy-frameworks\n";
		};
/* End PBXShellScriptBuildPhase section */

/* Begin PBXSourcesBuildPhase section */
		A0F419F022918430008E4AB1 /* Sources */ = {
			isa = PBXSourcesBuildPhase;
			buildActionMask = 2147483647;
			files = (
				A0F419FA22918430008E4AB1 /* ViewController.swift in Sources */,
				A0D385C922944E4A00EAEE9F /* LoginController.swift in Sources */,
				A0D385CB229543DC00EAEE9F /* NewMemberController.swift in Sources */,
				A0F419F822918430008E4AB1 /* AppDelegate.swift in Sources */,
			);
			runOnlyForDeploymentPostprocessing = 0;
		};
/* End PBXSourcesBuildPhase section */

/* Begin PBXVariantGroup section */
		A0F419FB22918430008E4AB1 /* Main.storyboard */ = {
			isa = PBXVariantGroup;
			children = (
				A0F419FC22918430008E4AB1 /* Base */,
			);
			name = Main.storyboard;
			sourceTree = "<group>";
		};
		A0F41A0022918431008E4AB1 /* LaunchScreen.storyboard */ = {
			isa = PBXVariantGroup;
			children = (
				A0F41A0122918431008E4AB1 /* Base */,
			);
			name = LaunchScreen.storyboard;
			sourceTree = "<group>";
		};
/* End PBXVariantGroup section */

/* Begin XCBuildConfiguration section */
		A0F41A0422918431008E4AB1 /* Debug */ = {
			isa = XCBuildConfiguration;
			buildSettings = {
				ALWAYS_SEARCH_USER_PATHS = NO;
				CLANG_ANALYZER_NONNULL = YES;
				CLANG_ANALYZER_NUMBER_OBJECT_CONVERSION = YES_AGGRESSIVE;
				CLANG_CXX_LANGUAGE_STANDARD = "gnu++14";
				CLANG_CXX_LIBRARY = "libc++";
				CLANG_ENABLE_MODULES = YES;
				CLANG_ENABLE_OBJC_ARC = YES;
				CLANG_ENABLE_OBJC_WEAK = YES;
				CLANG_WARN_BLOCK_CAPTURE_AUTORELEASING = YES;
				CLANG_WARN_BOOL_CONVERSION = YES;
				CLANG_WARN_COMMA = YES;
				CLANG_WARN_CONSTANT_CONVERSION = YES;
				CLANG_WARN_DEPRECATED_OBJC_IMPLEMENTATIONS = YES;
				CLANG_WARN_DIRECT_OBJC_ISA_USAGE = YES_ERROR;
				CLANG_WARN_DOCUMENTATION_COMMENTS = YES;
				CLANG_WARN_EMPTY_BODY = YES;
				CLANG_WARN_ENUM_CONVERSION = YES;
				CLANG_WARN_INFINITE_RECURSION = YES;
				CLANG_WARN_INT_CONVERSION = YES;
				CLANG_WARN_NON_LITERAL_NULL_CONVERSION = YES;
				CLANG_WARN_OBJC_IMPLICIT_RETAIN_SELF = YES;
				CLANG_WARN_OBJC_LITERAL_CONVERSION = YES;
				CLANG_WARN_OBJC_ROOT_CLASS = YES_ERROR;
				CLANG_WARN_RANGE_LOOP_ANALYSIS = YES;
				CLANG_WARN_STRICT_PROTOTYPES = YES;
				CLANG_WARN_SUSPICIOUS_MOVE = YES;
				CLANG_WARN_UNGUARDED_AVAILABILITY = YES_AGGRESSIVE;
				CLANG_WARN_UNREACHABLE_CODE = YES;
				CLANG_WARN__DUPLICATE_METHOD_MATCH = YES;
				CODE_SIGN_IDENTITY = "iPhone Developer";
				COPY_PHASE_STRIP = NO;
				DEBUG_INFORMATION_FORMAT = dwarf;
				ENABLE_STRICT_OBJC_MSGSEND = YES;
				ENABLE_TESTABILITY = YES;
				GCC_C_LANGUAGE_STANDARD = gnu11;
				GCC_DYNAMIC_NO_PIC = NO;
				GCC_NO_COMMON_BLOCKS = YES;
				GCC_OPTIMIZATION_LEVEL = 0;
				GCC_PREPROCESSOR_DEFINITIONS = (
					"DEBUG=1",
					"$(inherited)",
				);
				GCC_WARN_64_TO_32_BIT_CONVERSION = YES;
				GCC_WARN_ABOUT_RETURN_TYPE = YES_ERROR;
				GCC_WARN_UNDECLARED_SELECTOR = YES;
				GCC_WARN_UNINITIALIZED_AUTOS = YES_AGGRESSIVE;
				GCC_WARN_UNUSED_FUNCTION = YES;
				GCC_WARN_UNUSED_VARIABLE = YES;
				IPHONEOS_DEPLOYMENT_TARGET = 12.2;
				MTL_ENABLE_DEBUG_INFO = INCLUDE_SOURCE;
				MTL_FAST_MATH = YES;
				ONLY_ACTIVE_ARCH = YES;
				SDKROOT = iphoneos;
				SWIFT_ACTIVE_COMPILATION_CONDITIONS = DEBUG;
				SWIFT_OPTIMIZATION_LEVEL = "-Onone";
			};
			name = Debug;
		};
		A0F41A0522918431008E4AB1 /* Release */ = {
			isa = XCBuildConfiguration;
			buildSettings = {
				ALWAYS_SEARCH_USER_PATHS = NO;
				CLANG_ANALYZER_NONNULL = YES;
				CLANG_ANALYZER_NUMBER_OBJECT_CONVERSION = YES_AGGRESSIVE;
				CLANG_CXX_LANGUAGE_STANDARD = "gnu++14";
				CLANG_CXX_LIBRARY = "libc++";
				CLANG_ENABLE_MODULES = YES;
				CLANG_ENABLE_OBJC_ARC = YES;
				CLANG_ENABLE_OBJC_WEAK = YES;
				CLANG_WARN_BLOCK_CAPTURE_AUTORELEASING = YES;
				CLANG_WARN_BOOL_CONVERSION = YES;
				CLANG_WARN_COMMA = YES;
				CLANG_WARN_CONSTANT_CONVERSION = YES;
				CLANG_WARN_DEPRECATED_OBJC_IMPLEMENTATIONS = YES;
				CLANG_WARN_DIRECT_OBJC_ISA_USAGE = YES_ERROR;
				CLANG_WARN_DOCUMENTATION_COMMENTS = YES;
				CLANG_WARN_EMPTY_BODY = YES;
				CLANG_WARN_ENUM_CONVERSION = YES;
				CLANG_WARN_INFINITE_RECURSION = YES;
				CLANG_WARN_INT_CONVERSION = YES;
				CLANG_WARN_NON_LITERAL_NULL_CONVERSION = YES;
				CLANG_WARN_OBJC_IMPLICIT_RETAIN_SELF = YES;
				CLANG_WARN_OBJC_LITERAL_CONVERSION = YES;
				CLANG_WARN_OBJC_ROOT_CLASS = YES_ERROR;
				CLANG_WARN_RANGE_LOOP_ANALYSIS = YES;
				CLANG_WARN_STRICT_PROTOTYPES = YES;
				CLANG_WARN_SUSPICIOUS_MOVE = YES;
				CLANG_WARN_UNGUARDED_AVAILABILITY = YES_AGGRESSIVE;
				CLANG_WARN_UNREACHABLE_CODE = YES;
				CLANG_WARN__DUPLICATE_METHOD_MATCH = YES;
				CODE_SIGN_IDENTITY = "iPhone Developer";
				COPY_PHASE_STRIP = NO;
				DEBUG_INFORMATION_FORMAT = "dwarf-with-dsym";
				ENABLE_NS_ASSERTIONS = NO;
				ENABLE_STRICT_OBJC_MSGSEND = YES;
				GCC_C_LANGUAGE_STANDARD = gnu11;
				GCC_NO_COMMON_BLOCKS = YES;
				GCC_WARN_64_TO_32_BIT_CONVERSION = YES;
				GCC_WARN_ABOUT_RETURN_TYPE = YES_ERROR;
				GCC_WARN_UNDECLARED_SELECTOR = YES;
				GCC_WARN_UNINITIALIZED_AUTOS = YES_AGGRESSIVE;
				GCC_WARN_UNUSED_FUNCTION = YES;
				GCC_WARN_UNUSED_VARIABLE = YES;
				IPHONEOS_DEPLOYMENT_TARGET = 12.2;
				MTL_ENABLE_DEBUG_INFO = NO;
				MTL_FAST_MATH = YES;
				SDKROOT = iphoneos;
				SWIFT_COMPILATION_MODE = wholemodule;
				SWIFT_OPTIMIZATION_LEVEL = "-O";
				VALIDATE_PRODUCT = YES;
			};
			name = Release;
		};
		A0F41A0722918431008E4AB1 /* Debug */ = {
			isa = XCBuildConfiguration;
			buildSettings = {
				ALWAYS_EMBED_SWIFT_STANDARD_LIBRARIES = YES;
				ASSETCATALOG_COMPILER_APPICON_NAME = AppIcon;
				CODE_SIGN_STYLE = Automatic;
				DEVELOPMENT_TEAM = X83QV576JN;
				FRAMEWORK_SEARCH_PATHS = (
					"$(inherited)",
					"$(PROJECT_DIR)/Carthage/Build/iOS",
				);
				INFOPLIST_FILE = CarthageTest01/Info.plist;
				LD_RUNPATH_SEARCH_PATHS = (
					"$(inherited)",
					"@executable_path/Frameworks",
				);
				PRODUCT_BUNDLE_IDENTIFIER = com.nice.CarthageTest01;
				PRODUCT_NAME = "$(TARGET_NAME)";
				SWIFT_VERSION = 5.0;
				TARGETED_DEVICE_FAMILY = "1,2";
			};
			name = Debug;
		};
		A0F41A0822918431008E4AB1 /* Release */ = {
			isa = XCBuildConfiguration;
			buildSettings = {
				ALWAYS_EMBED_SWIFT_STANDARD_LIBRARIES = YES;
				ASSETCATALOG_COMPILER_APPICON_NAME = AppIcon;
				CODE_SIGN_STYLE = Automatic;
				DEVELOPMENT_TEAM = X83QV576JN;
				FRAMEWORK_SEARCH_PATHS = (
					"$(inherited)",
					"$(PROJECT_DIR)/Carthage/Build/iOS",
				);
				INFOPLIST_FILE = CarthageTest01/Info.plist;
				LD_RUNPATH_SEARCH_PATHS = (
					"$(inherited)",
					"@executable_path/Frameworks",
				);
				PRODUCT_BUNDLE_IDENTIFIER = com.nice.CarthageTest01;
				PRODUCT_NAME = "$(TARGET_NAME)";
				SWIFT_VERSION = 5.0;
				TARGETED_DEVICE_FAMILY = "1,2";
			};
			name = Release;
		};
/* End XCBuildConfiguration section */

/* Begin XCConfigurationList section */
		A0F419EF22918430008E4AB1 /* Build configuration list for PBXProject "CarthageTest01" */ = {
			isa = XCConfigurationList;
			buildConfigurations = (
				A0F41A0422918431008E4AB1 /* Debug */,
				A0F41A0522918431008E4AB1 /* Release */,
			);
			defaultConfigurationIsVisible = 0;
			defaultConfigurationName = Release;
		};
		A0F41A0622918431008E4AB1 /* Build configuration list for PBXNativeTarget "CarthageTest01" */ = {
			isa = XCConfigurationList;
			buildConfigurations = (
				A0F41A0722918431008E4AB1 /* Debug */,
				A0F41A0822918431008E4AB1 /* Release */,
			);
			defaultConfigurationIsVisible = 0;
			defaultConfigurationName = Release;
		};
/* End XCConfigurationList section */
	};
	rootObject = A0F419EC22918430008E4AB1 /* Project object */;
}
